{
  "requires": true,
  "lockfileVersion": 1,
  "dependencies": {
    "babylonjs-hook": {
      "version": "0.0.1",
      "resolved": "https://registry.npmjs.org/babylonjs-hook/-/babylonjs-hook-0.0.1.tgz",
      "integrity": "sha512-mtfMyq1NMFvDHUODFSph0pVYzwbTLl2+85g5yW9hIDAWYndD00+6JxfrmgJ3tCQmkrcmqhMW/shlgRvv2aLIHA=="
    }
  }
}
